
Microsoft Visual Studio Solution File, Format Version 12.00
# Visual Studio Version 17
VisualStudioVersion = 17.8.34408.163
MinimumVisualStudioVersion = 10.0.40219.1
Project("{FAE04EC0-301F-11D3-BF4B-00C04F79EFBC}") = "SealedClass", "SealedClass.csproj", "{354DE513-48EA-4AD6-B706-7965CF7C1DC3}"
EndProject
Global
	GlobalSection(SolutionConfigurationPlatforms) = preSolution
		Debug|Any CPU = Debug|Any CPU
		Release|Any CPU = Release|Any CPU
	EndGlobalSection
	GlobalSection(ProjectConfigurationPlatforms) = postSolution
		{354DE513-48EA-4AD6-B706-7965CF7C1DC3}.Debug|Any CPU.ActiveCfg = Debug|Any CPU
		{354DE513-48EA-4AD6-B706-7965CF7C1DC3}.Debug|Any CPU.Build.0 = Debug|Any CPU
		{354DE513-48EA-4AD6-B706-7965CF7C1DC3}.Release|Any CPU.ActiveCfg = Release|Any CPU
		{354DE513-48EA-4AD6-B706-7965CF7C1DC3}.Release|Any CPU.Build.0 = Release|Any CPU
	EndGlobalSection
	GlobalSection(SolutionProperties) = preSolution
		HideSolutionNode = FALSE
	EndGlobalSection
	GlobalSection(ExtensibilityGlobals) = postSolution
		SolutionGuid = {889FC732-2503-4006-BA94-7AF6BC0AE9A3}
	EndGlobalSection
EndGlobal
